// !$*UTF8*$!
{
	archiveVersion = 1;
	classes = {
	};
	objectVersion = 48;
	objects = {

/* Begin PBXBuildFile section */
		7E4F55941F8F6AAB004571F3 /* AppDelegate.swift in Sources */ = {isa = PBXBuildFile; fileRef = 7E4F55931F8F6AAB004571F3 /* AppDelegate.swift */; };
		7E4F559B1F8F6AAB004571F3 /* Assets.xcassets in Resources */ = {isa = PBXBuildFile; fileRef = 7E4F559A1F8F6AAB004571F3 /* Assets.xcassets */; };
		7E4F559E1F8F6AAB004571F3 /* LaunchScreen.storyboard in Resources */ = {isa = PBXBuildFile; fileRef = 7E4F559C1F8F6AAB004571F3 /* LaunchScreen.storyboard */; };
		7E4F55A91F8F6AAC004571F3 /* TLThirdLibTests.swift in Sources */ = {isa = PBXBuildFile; fileRef = 7E4F55A81F8F6AAC004571F3 /* TLThirdLibTests.swift */; };
		7E4F55B41F8F6AAC004571F3 /* TLThirdLibUITests.swift in Sources */ = {isa = PBXBuildFile; fileRef = 7E4F55B31F8F6AAC004571F3 /* TLThirdLibUITests.swift */; };
		7E4F55C21F8F72DF004571F3 /* TLRootViewController.swift in Sources */ = {isa = PBXBuildFile; fileRef = 7E4F55C11F8F72DF004571F3 /* TLRootViewController.swift */; };
		7E4F55C51F9048F0004571F3 /* Bundle+Extensions.swift in Sources */ = {isa = PBXBuildFile; fileRef = 7E4F55C41F9048E7004571F3 /* Bundle+Extensions.swift */; };
		7E4F55C81F904BDF004571F3 /* TLCryptoSwiftVC.swift in Sources */ = {isa = PBXBuildFile; fileRef = 7E4F55C71F904BDF004571F3 /* TLCryptoSwiftVC.swift */; };
		E563BA639ABD67291ED65EC9 /* Pods_TLThirdLib.framework in Frameworks */ = {isa = PBXBuildFile; fileRef = 369D38ED27861964418B8445 /* Pods_TLThirdLib.framework */; };
/* End PBXBuildFile section */

/* Begin PBXContainerItemProxy section */
		7E4F55A51F8F6AAC004571F3 /* PBXContainerItemProxy */ = {
			isa = PBXContainerItemProxy;
			containerPortal = 7E4F55881F8F6AAB004571F3 /* Project object */;
			proxyType = 1;
			remoteGlobalIDString = 7E4F558F1F8F6AAB004571F3;
			remoteInfo = TLThirdLib;
		};
		7E4F55B01F8F6AAC004571F3 /* PBXContainerItemProxy */ = {
			isa = PBXContainerItemProxy;
			containerPortal = 7E4F55881F8F6AAB004571F3 /* Project object */;
			proxyType = 1;
			remoteGlobalIDString = 7E4F558F1F8F6AAB004571F3;
			remoteInfo = TLThirdLib;
		};
/* End PBXContainerItemProxy section */

/* Begin PBXFileReference section */
		31BF2091D39A51502D963147 /* Pods-TLThirdLib.release.xcconfig */ = {isa = PBXFileReference; includeInIndex = 1; lastKnownFileType = text.xcconfig; name = "Pods-TLThirdLib.release.xcconfig"; path = "Pods/Target Support Files/Pods-TLThirdLib/Pods-TLThirdLib.release.xcconfig"; sourceTree = "<group>"; };
		369D38ED27861964418B8445 /* Pods_TLThirdLib.framework */ = {isa = PBXFileReference; explicitFileType = wrapper.framework; includeInIndex = 0; path = Pods_TLThirdLib.framework; sourceTree = BUILT_PRODUCTS_DIR; };
		7E4F55901F8F6AAB004571F3 /* TLThirdLib.app */ = {isa = PBXFileReference; explicitFileType = wrapper.application; includeInIndex = 0; path = TLThirdLib.app; sourceTree = BUILT_PRODUCTS_DIR; };
		7E4F55931F8F6AAB004571F3 /* AppDelegate.swift */ = {isa = PBXFileReference; lastKnownFileType = sourcecode.swift; path = AppDelegate.swift; sourceTree = "<group>"; };
		7E4F559A1F8F6AAB004571F3 /* Assets.xcassets */ = {isa = PBXFileReference; lastKnownFileType = folder.assetcatalog; path = Assets.xcassets; sourceTree = "<group>"; };
		7E4F559D1F8F6AAB004571F3 /* Base */ = {isa = PBXFileReference; lastKnownFileType = file.storyboard; name = Base; path = Base.lproj/LaunchScreen.storyboard; sourceTree = "<group>"; };
		7E4F559F1F8F6AAB004571F3 /* Info.plist */ = {isa = PBXFileReference; lastKnownFileType = text.plist.xml; path = Info.plist; sourceTree = "<group>"; };
		7E4F55A41F8F6AAC004571F3 /* TLThirdLibTests.xctest */ = {isa = PBXFileReference; explicitFileType = wrapper.cfbundle; includeInIndex = 0; path = TLThirdLibTests.xctest; sourceTree = BUILT_PRODUCTS_DIR; };
		7E4F55A81F8F6AAC004571F3 /* TLThirdLibTests.swift */ = {isa = PBXFileReference; lastKnownFileType = sourcecode.swift; path = TLThirdLibTests.swift; sourceTree = "<group>"; };
		7E4F55AA1F8F6AAC004571F3 /* Info.plist */ = {isa = PBXFileReference; lastKnownFileType = text.plist.xml; path = Info.plist; sourceTree = "<group>"; };
		7E4F55AF1F8F6AAC004571F3 /* TLThirdLibUITests.xctest */ = {isa = PBXFileReference; explicitFileType = wrapper.cfbundle; includeInIndex = 0; path = TLThirdLibUITests.xctest; sourceTree = BUILT_PRODUCTS_DIR; };
		7E4F55B31F8F6AAC004571F3 /* TLThirdLibUITests.swift */ = {isa = PBXFileReference; lastKnownFileType = sourcecode.swift; path = TLThirdLibUITests.swift; sourceTree = "<group>"; };
		7E4F55B51F8F6AAC004571F3 /* Info.plist */ = {isa = PBXFileReference; lastKnownFileType = text.plist.xml; path = Info.plist; sourceTree = "<group>"; };
		7E4F55C11F8F72DF004571F3 /* TLRootViewController.swift */ = {isa = PBXFileReference; lastKnownFileType = sourcecode.swift; path = TLRootViewController.swift; sourceTree = "<group>"; };
		7E4F55C41F9048E7004571F3 /* Bundle+Extensions.swift */ = {isa = PBXFileReference; lastKnownFileType = sourcecode.swift; path = "Bundle+Extensions.swift"; sourceTree = "<group>"; };
		7E4F55C71F904BDF004571F3 /* TLCryptoSwiftVC.swift */ = {isa = PBXFileReference; lastKnownFileType = sourcecode.swift; path = TLCryptoSwiftVC.swift; sourceTree = "<group>"; };
		DE63F0DC844F2665A4E596CC /* Pods-TLThirdLib.debug.xcconfig */ = {isa = PBXFileReference; includeInIndex = 1; lastKnownFileType = text.xcconfig; name = "Pods-TLThirdLib.debug.xcconfig"; path = "Pods/Target Support Files/Pods-TLThirdLib/Pods-TLThirdLib.debug.xcconfig"; sourceTree = "<group>"; };
/* End PBXFileReference section */

/* Begin PBXFrameworksBuildPhase section */
		7E4F558D1F8F6AAB004571F3 /* Frameworks */ = {
			isa = PBXFrameworksBuildPhase;
			buildActionMask = 2147483647;
			files = (
				E563BA639ABD67291ED65EC9 /* Pods_TLThirdLib.framework in Frameworks */,
			);
			runOnlyForDeploymentPostprocessing = 0;
		};
		7E4F55A11F8F6AAC004571F3 /* Frameworks */ = {
			isa = PBXFrameworksBuildPhase;
			buildActionMask = 2147483647;
			files = (
			);
			runOnlyForDeploymentPostprocessing = 0;
		};
		7E4F55AC1F8F6AAC004571F3 /* Frameworks */ = {
			isa = PBXFrameworksBuildPhase;
			buildActionMask = 2147483647;
			files = (
			);
			runOnlyForDeploymentPostprocessing = 0;
		};
/* End PBXFrameworksBuildPhase section */

/* Begin PBXGroup section */
		182851CF65D04D53D2ECC9BC /* Frameworks */ = {
			isa = PBXGroup;
			children = (
				369D38ED27861964418B8445 /* Pods_TLThirdLib.framework */,
			);
			name = Frameworks;
			sourceTree = "<group>";
		};
		24563C7BE5E45F914F54E7DC /* Pods */ = {
			isa = PBXGroup;
			children = (
				DE63F0DC844F2665A4E596CC /* Pods-TLThirdLib.debug.xcconfig */,
				31BF2091D39A51502D963147 /* Pods-TLThirdLib.release.xcconfig */,
			);
			name = Pods;
			sourceTree = "<group>";
		};
		7E4F55871F8F6AAB004571F3 = {
			isa = PBXGroup;
			children = (
				7E4F55921F8F6AAB004571F3 /* TLThirdLib */,
				7E4F55A71F8F6AAC004571F3 /* TLThirdLibTests */,
				7E4F55B21F8F6AAC004571F3 /* TLThirdLibUITests */,
				7E4F55911F8F6AAB004571F3 /* Products */,
				24563C7BE5E45F914F54E7DC /* Pods */,
				182851CF65D04D53D2ECC9BC /* Frameworks */,
			);
			sourceTree = "<group>";
		};
		7E4F55911F8F6AAB004571F3 /* Products */ = {
			isa = PBXGroup;
			children = (
				7E4F55901F8F6AAB004571F3 /* TLThirdLib.app */,
				7E4F55A41F8F6AAC004571F3 /* TLThirdLibTests.xctest */,
				7E4F55AF1F8F6AAC004571F3 /* TLThirdLibUITests.xctest */,
			);
			name = Products;
			sourceTree = "<group>";
		};
		7E4F55921F8F6AAB004571F3 /* TLThirdLib */ = {
			isa = PBXGroup;
			children = (
				7E4F55C61F904BC8004571F3 /* TLCryptoSwift */,
				7E4F55C31F9048E7004571F3 /* Extensions */,
				7E4F55931F8F6AAB004571F3 /* AppDelegate.swift */,
				7E4F55C11F8F72DF004571F3 /* TLRootViewController.swift */,
				7E4F559A1F8F6AAB004571F3 /* Assets.xcassets */,
				7E4F559C1F8F6AAB004571F3 /* LaunchScreen.storyboard */,
				7E4F559F1F8F6AAB004571F3 /* Info.plist */,
			);
			path = TLThirdLib;
			sourceTree = "<group>";
		};
		7E4F55A71F8F6AAC004571F3 /* TLThirdLibTests */ = {
			isa = PBXGroup;
			children = (
				7E4F55A81F8F6AAC004571F3 /* TLThirdLibTests.swift */,
				7E4F55AA1F8F6AAC004571F3 /* Info.plist */,
			);
			path = TLThirdLibTests;
			sourceTree = "<group>";
		};
		7E4F55B21F8F6AAC004571F3 /* TLThirdLibUITests */ = {
			isa = PBXGroup;
			children = (
				7E4F55B31F8F6AAC004571F3 /* TLThirdLibUITests.swift */,
				7E4F55B51F8F6AAC004571F3 /* Info.plist */,
			);
			path = TLThirdLibUITests;
			sourceTree = "<group>";
		};
		7E4F55C31F9048E7004571F3 /* Extensions */ = {
			isa = PBXGroup;
			children = (
				7E4F55C41F9048E7004571F3 /* Bundle+Extensions.swift */,
			);
			path = Extensions;
			sourceTree = "<group>";
		};
		7E4F55C61F904BC8004571F3 /* TLCryptoSwift */ = {
			isa = PBXGroup;
			children = (
				7E4F55C71F904BDF004571F3 /* TLCryptoSwiftVC.swift */,
			);
			path = TLCryptoSwift;
			sourceTree = "<group>";
		};
/* End PBXGroup section */

/* Begin PBXNativeTarget section */
		7E4F558F1F8F6AAB004571F3 /* TLThirdLib */ = {
			isa = PBXNativeTarget;
			buildConfigurationList = 7E4F55B81F8F6AAC004571F3 /* Build configuration list for PBXNativeTarget "TLThirdLib" */;
			buildPhases = (
				D92CA76B15BBD5B68F0104F0 /* [CP] Check Pods Manifest.lock */,
				7E4F558C1F8F6AAB004571F3 /* Sources */,
				7E4F558D1F8F6AAB004571F3 /* Frameworks */,
				7E4F558E1F8F6AAB004571F3 /* Resources */,
				7CF5CEB595BBB2D247F22750 /* [CP] Embed Pods Frameworks */,
				AB10BE847D718318EA320865 /* [CP] Copy Pods Resources */,
			);
			buildRules = (
			);
			dependencies = (
			);
			name = TLThirdLib;
			productName = TLThirdLib;
			productReference = 7E4F55901F8F6AAB004571F3 /* TLThirdLib.app */;
			productType = "com.apple.product-type.application";
		};
		7E4F55A31F8F6AAC004571F3 /* TLThirdLibTests */ = {
			isa = PBXNativeTarget;
			buildConfigurationList = 7E4F55BB1F8F6AAC004571F3 /* Build configuration list for PBXNativeTarget "TLThirdLibTests" */;
			buildPhases = (
				7E4F55A01F8F6AAC004571F3 /* Sources */,
				7E4F55A11F8F6AAC004571F3 /* Frameworks */,
				7E4F55A21F8F6AAC004571F3 /* Resources */,
			);
			buildRules = (
			);
			dependencies = (
				7E4F55A61F8F6AAC004571F3 /* PBXTargetDependency */,
			);
			name = TLThirdLibTests;
			productName = TLThirdLibTests;
			productReference = 7E4F55A41F8F6AAC004571F3 /* TLThirdLibTests.xctest */;
			productType = "com.apple.product-type.bundle.unit-test";
		};
		7E4F55AE1F8F6AAC004571F3 /* TLThirdLibUITests */ = {
			isa = PBXNativeTarget;
			buildConfigurationList = 7E4F55BE1F8F6AAC004571F3 /* Build configuration list for PBXNativeTarget "TLThirdLibUITests" */;
			buildPhases = (
				7E4F55AB1F8F6AAC004571F3 /* Sources */,
				7E4F55AC1F8F6AAC004571F3 /* Frameworks */,
				7E4F55AD1F8F6AAC004571F3 /* Resources */,
			);
			buildRules = (
			);
			dependencies = (
				7E4F55B11F8F6AAC004571F3 /* PBXTargetDependency */,
			);
			name = TLThirdLibUITests;
			productName = TLThirdLibUITests;
			productReference = 7E4F55AF1F8F6AAC004571F3 /* TLThirdLibUITests.xctest */;
			productType = "com.apple.product-type.bundle.ui-testing";
		};
/* End PBXNativeTarget section */

/* Begin PBXProject section */
		7E4F55881F8F6AAB004571F3 /* Project object */ = {
			isa = PBXProject;
			attributes = {
				LastSwiftUpdateCheck = 0900;
				LastUpgradeCheck = 0900;
				ORGANIZATIONNAME = lichuanjun;
				TargetAttributes = {
					7E4F558F1F8F6AAB004571F3 = {
						CreatedOnToolsVersion = 9.0;
						ProvisioningStyle = Automatic;
					};
					7E4F55A31F8F6AAC004571F3 = {
						CreatedOnToolsVersion = 9.0;
						ProvisioningStyle = Automatic;
						TestTargetID = 7E4F558F1F8F6AAB004571F3;
					};
					7E4F55AE1F8F6AAC004571F3 = {
						CreatedOnToolsVersion = 9.0;
						ProvisioningStyle = Automatic;
						TestTargetID = 7E4F558F1F8F6AAB004571F3;
					};
				};
			};
			buildConfigurationList = 7E4F558B1F8F6AAB004571F3 /* Build configuration list for PBXProject "TLThirdLib" */;
			compatibilityVersion = "Xcode 8.0";
			developmentRegion = en;
			hasScannedForEncodings = 0;
			knownRegions = (
				en,
				Base,
			);
			mainGroup = 7E4F55871F8F6AAB004571F3;
			productRefGroup = 7E4F55911F8F6AAB004571F3 /* Products */;
			projectDirPath = "";
			projectRoot = "";
			targets = (
				7E4F558F1F8F6AAB004571F3 /* TLThirdLib */,
				7E4F55A31F8F6AAC004571F3 /* TLThirdLibTests */,
				7E4F55AE1F8F6AAC004571F3 /* TLThirdLibUITests */,
			);
		};
/* End PBXProject section */

/* Begin PBXResourcesBuildPhase section */
		7E4F558E1F8F6AAB004571F3 /* Resources */ = {
			isa = PBXResourcesBuildPhase;
			buildActionMask = 2147483647;
			files = (
				7E4F559E1F8F6AAB004571F3 /* LaunchScreen.storyboard in Resources */,
				7E4F559B1F8F6AAB004571F3 /* Assets.xcassets in Resources */,
			);
			runOnlyForDeploymentPostprocessing = 0;
		};
		7E4F55A21F8F6AAC004571F3 /* Resources */ = {
			isa = PBXResourcesBuildPhase;
			buildActionMask = 2147483647;
			files = (
			);
			runOnlyForDeploymentPostprocessing = 0;
		};
		7E4F55AD1F8F6AAC004571F3 /* Resources */ = {
			isa = PBXResourcesBuildPhase;
			buildActionMask = 2147483647;
			files = (
			);
			runOnlyForDeploymentPostprocessing = 0;
		};
/* End PBXResourcesBuildPhase section */

/* Begin PBXShellScriptBuildPhase section */
		7CF5CEB595BBB2D247F22750 /* [CP] Embed Pods Frameworks */ = {
			isa = PBXShellScriptBuildPhase;
			buildActionMask = 2147483647;
			files = (
			);
			inputPaths = (
				"${SRCROOT}/Pods/Target Support Files/Pods-TLThirdLib/Pods-TLThirdLib-frameworks.sh",
				"${BUILT_PRODUCTS_DIR}/Alamofire/Alamofire.framework",
				"${BUILT_PRODUCTS_DIR}/CryptoSwift/CryptoSwift.framework",
				"${BUILT_PRODUCTS_DIR}/SnapKit/SnapKit.framework",
			);
			name = "[CP] Embed Pods Frameworks";
			outputPaths = (
				"${TARGET_BUILD_DIR}/${FRAMEWORKS_FOLDER_PATH}/Alamofire.framework",
				"${TARGET_BUILD_DIR}/${FRAMEWORKS_FOLDER_PATH}/CryptoSwift.framework",
				"${TARGET_BUILD_DIR}/${FRAMEWORKS_FOLDER_PATH}/SnapKit.framework",
			);
			runOnlyForDeploymentPostprocessing = 0;
			shellPath = /bin/sh;
			shellScript = "\"${SRCROOT}/Pods/Target Support Files/Pods-TLThirdLib/Pods-TLThirdLib-frameworks.sh\"\n";
			showEnvVarsInLog = 0;
		};
		AB10BE847D718318EA320865 /* [CP] Copy Pods Resources */ = {
			isa = PBXShellScriptBuildPhase;
			buildActionMask = 2147483647;
			files = (
			);
			inputPaths = (
			);
			name = "[CP] Copy Pods Resources";
			outputPaths = (
			);
			runOnlyForDeploymentPostprocessing = 0;
			shellPath = /bin/sh;
			shellScript = "\"${SRCROOT}/Pods/Target Support Files/Pods-TLThirdLib/Pods-TLThirdLib-resources.sh\"\n";
			showEnvVarsInLog = 0;
		};
		D92CA76B15BBD5B68F0104F0 /* [CP] Check Pods Manifest.lock */ = {
			isa = PBXShellScriptBuildPhase;
			buildActionMask = 2147483647;
			files = (
			);
			inputPaths = (
				"${PODS_PODFILE_DIR_PATH}/Podfile.lock",
				"${PODS_ROOT}/Manifest.lock",
			);
			name = "[CP] Check Pods Manifest.lock";
			outputPaths = (
				"$(DERIVED_FILE_DIR)/Pods-TLThirdLib-checkManifestLockResult.txt",
			);
			runOnlyForDeploymentPostprocessing = 0;
			shellPath = /bin/sh;
			shellScript = "diff \"${PODS_PODFILE_DIR_PATH}/Podfile.lock\" \"${PODS_ROOT}/Manifest.lock\" > /dev/null\nif [ $? != 0 ] ; then\n    # print error to STDERR\n    echo \"error: The sandbox is not in sync with the Podfile.lock. Run 'pod install' or update your CocoaPods installation.\" >&2\n    exit 1\nfi\n# This output is used by Xcode 'outputs' to avoid re-running this script phase.\necho \"SUCCESS\" > \"${SCRIPT_OUTPUT_FILE_0}\"\n";
			showEnvVarsInLog = 0;
		};
/* End PBXShellScriptBuildPhase section */

/* Begin PBXSourcesBuildPhase section */
		7E4F558C1F8F6AAB004571F3 /* Sources */ = {
			isa = PBXSourcesBuildPhase;
			buildActionMask = 2147483647;
			files = (
				7E4F55C51F9048F0004571F3 /* Bundle+Extensions.swift in Sources */,
				7E4F55C21F8F72DF004571F3 /* TLRootViewController.swift in Sources */,
				7E4F55941F8F6AAB004571F3 /* AppDelegate.swift in Sources */,
				7E4F55C81F904BDF004571F3 /* TLCryptoSwiftVC.swift in Sources */,
			);
			runOnlyForDeploymentPostprocessing = 0;
		};
		7E4F55A01F8F6AAC004571F3 /* Sources */ = {
			isa = PBXSourcesBuildPhase;
			buildActionMask = 2147483647;
			files = (
				7E4F55A91F8F6AAC004571F3 /* TLThirdLibTests.swift in Sources */,
			);
			runOnlyForDeploymentPostprocessing = 0;
		};
		7E4F55AB1F8F6AAC004571F3 /* Sources */ = {
			isa = PBXSourcesBuildPhase;
			buildActionMask = 2147483647;
			files = (
				7E4F55B41F8F6AAC004571F3 /* TLThirdLibUITests.swift in Sources */,
			);
			runOnlyForDeploymentPostprocessing = 0;
		};
/* End PBXSourcesBuildPhase section */

/* Begin PBXTargetDependency section */
		7E4F55A61F8F6AAC004571F3 /* PBXTargetDependency */ = {
			isa = PBXTargetDependency;
			target = 7E4F558F1F8F6AAB004571F3 /* TLThirdLib */;
			targetProxy = 7E4F55A51F8F6AAC004571F3 /* PBXContainerItemProxy */;
		};
		7E4F55B11F8F6AAC004571F3 /* PBXTargetDependency */ = {
			isa = PBXTargetDependency;
			target = 7E4F558F1F8F6AAB004571F3 /* TLThirdLib */;
			targetProxy = 7E4F55B01F8F6AAC004571F3 /* PBXContainerItemProxy */;
		};
/* End PBXTargetDependency section */

/* Begin PBXVariantGroup section */
		7E4F559C1F8F6AAB004571F3 /* LaunchScreen.storyboard */ = {
			isa = PBXVariantGroup;
			children = (
				7E4F559D1F8F6AAB004571F3 /* Base */,
			);
			name = LaunchScreen.storyboard;
			sourceTree = "<group>";
		};
/* End PBXVariantGroup section */

/* Begin XCBuildConfiguration section */
		7E4F55B61F8F6AAC004571F3 /* Debug */ = {
			isa = XCBuildConfiguration;
			buildSettings = {
				ALWAYS_SEARCH_USER_PATHS = NO;
				CLANG_ANALYZER_NONNULL = YES;
				CLANG_ANALYZER_NUMBER_OBJECT_CONVERSION = YES_AGGRESSIVE;
				CLANG_CXX_LANGUAGE_STANDARD = "gnu++14";
				CLANG_CXX_LIBRARY = "libc++";
				CLANG_ENABLE_MODULES = YES;
				CLANG_ENABLE_OBJC_ARC = YES;
				CLANG_WARN_BLOCK_CAPTURE_AUTORELEASING = YES;
				CLANG_WARN_BOOL_CONVERSION = YES;
				CLANG_WARN_COMMA = YES;
				CLANG_WARN_CONSTANT_CONVERSION = YES;
				CLANG_WARN_DIRECT_OBJC_ISA_USAGE = YES_ERROR;
				CLANG_WARN_DOCUMENTATION_COMMENTS = YES;
				CLANG_WARN_EMPTY_BODY = YES;
				CLANG_WARN_ENUM_CONVERSION = YES;
				CLANG_WARN_INFINITE_RECURSION = YES;
				CLANG_WARN_INT_CONVERSION = YES;
				CLANG_WARN_NON_LITERAL_NULL_CONVERSION = YES;
				CLANG_WARN_OBJC_LITERAL_CONVERSION = YES;
				CLANG_WARN_OBJC_ROOT_CLASS = YES_ERROR;
				CLANG_WARN_RANGE_LOOP_ANALYSIS = YES;
				CLANG_WARN_STRICT_PROTOTYPES = YES;
				CLANG_WARN_SUSPICIOUS_MOVE = YES;
				CLANG_WARN_UNGUARDED_AVAILABILITY = YES_AGGRESSIVE;
				CLANG_WARN_UNREACHABLE_CODE = YES;
				CLANG_WARN__DUPLICATE_METHOD_MATCH = YES;
				CODE_SIGN_IDENTITY = "iPhone Developer";
				COPY_PHASE_STRIP = NO;
				DEBUG_INFORMATION_FORMAT = dwarf;
				ENABLE_STRICT_OBJC_MSGSEND = YES;
				ENABLE_TESTABILITY = YES;
				GCC_C_LANGUAGE_STANDARD = gnu11;
				GCC_DYNAMIC_NO_PIC = NO;
				GCC_NO_COMMON_BLOCKS = YES;
				GCC_OPTIMIZATION_LEVEL = 0;
				GCC_PREPROCESSOR_DEFINITIONS = (
					"DEBUG=1",
					"$(inherited)",
				);
				GCC_WARN_64_TO_32_BIT_CONVERSION = YES;
				GCC_WARN_ABOUT_RETURN_TYPE = YES_ERROR;
				GCC_WARN_UNDECLARED_SELECTOR = YES;
				GCC_WARN_UNINITIALIZED_AUTOS = YES_AGGRESSIVE;
				GCC_WARN_UNUSED_FUNCTION = YES;
				GCC_WARN_UNUSED_VARIABLE = YES;
				IPHONEOS_DEPLOYMENT_TARGET = 11.0;
				MTL_ENABLE_DEBUG_INFO = YES;
				ONLY_ACTIVE_ARCH = YES;
				SDKROOT = iphoneos;
				SWIFT_ACTIVE_COMPILATION_CONDITIONS = DEBUG;
				SWIFT_OPTIMIZATION_LEVEL = "-Onone";
			};
			name = Debug;
		};
		7E4F55B71F8F6AAC004571F3 /* Release */ = {
			isa = XCBuildConfiguration;
			buildSettings = {
				ALWAYS_SEARCH_USER_PATHS = NO;
				CLANG_ANALYZER_NONNULL = YES;
				CLANG_ANALYZER_NUMBER_OBJECT_CONVERSION = YES_AGGRESSIVE;
				CLANG_CXX_LANGUAGE_STANDARD = "gnu++14";
				CLANG_CXX_LIBRARY = "libc++";
				CLANG_ENABLE_MODULES = YES;
				CLANG_ENABLE_OBJC_ARC = YES;
				CLANG_WARN_BLOCK_CAPTURE_AUTORELEASING = YES;
				CLANG_WARN_BOOL_CONVERSION = YES;
				CLANG_WARN_COMMA = YES;
				CLANG_WARN_CONSTANT_CONVERSION = YES;
				CLANG_WARN_DIRECT_OBJC_ISA_USAGE = YES_ERROR;
				CLANG_WARN_DOCUMENTATION_COMMENTS = YES;
				CLANG_WARN_EMPTY_BODY = YES;
				CLANG_WARN_ENUM_CONVERSION = YES;
				CLANG_WARN_INFINITE_RECURSION = YES;
				CLANG_WARN_INT_CONVERSION = YES;
				CLANG_WARN_NON_LITERAL_NULL_CONVERSION = YES;
				CLANG_WARN_OBJC_LITERAL_CONVERSION = YES;
				CLANG_WARN_OBJC_ROOT_CLASS = YES_ERROR;
				CLANG_WARN_RANGE_LOOP_ANALYSIS = YES;
				CLANG_WARN_STRICT_PROTOTYPES = YES;
				CLANG_WARN_SUSPICIOUS_MOVE = YES;
				CLANG_WARN_UNGUARDED_AVAILABILITY = YES_AGGRESSIVE;
				CLANG_WARN_UNREACHABLE_CODE = YES;
				CLANG_WARN__DUPLICATE_METHOD_MATCH = YES;
				CODE_SIGN_IDENTITY = "iPhone Developer";
				COPY_PHASE_STRIP = NO;
				DEBUG_INFORMATION_FORMAT = "dwarf-with-dsym";
				ENABLE_NS_ASSERTIONS = NO;
				ENABLE_STRICT_OBJC_MSGSEND = YES;
				GCC_C_LANGUAGE_STANDARD = gnu11;
				GCC_NO_COMMON_BLOCKS = YES;
				GCC_WARN_64_TO_32_BIT_CONVERSION = YES;
				GCC_WARN_ABOUT_RETURN_TYPE = YES_ERROR;
				GCC_WARN_UNDECLARED_SELECTOR = YES;
				GCC_WARN_UNINITIALIZED_AUTOS = YES_AGGRESSIVE;
				GCC_WARN_UNUSED_FUNCTION = YES;
				GCC_WARN_UNUSED_VARIABLE = YES;
				IPHONEOS_DEPLOYMENT_TARGET = 11.0;
				MTL_ENABLE_DEBUG_INFO = NO;
				SDKROOT = iphoneos;
				SWIFT_OPTIMIZATION_LEVEL = "-Owholemodule";
				VALIDATE_PRODUCT = YES;
			};
			name = Release;
		};
		7E4F55B91F8F6AAC004571F3 /* Debug */ = {
			isa = XCBuildConfiguration;
			baseConfigurationReference = DE63F0DC844F2665A4E596CC /* Pods-TLThirdLib.debug.xcconfig */;
			buildSettings = {
				ASSETCATALOG_COMPILER_APPICON_NAME = AppIcon;
				CODE_SIGN_STYLE = Automatic;
				INFOPLIST_FILE = TLThirdLib/Info.plist;
				IPHONEOS_DEPLOYMENT_TARGET = 8.0;
				LD_RUNPATH_SEARCH_PATHS = "$(inherited) @executable_path/Frameworks";
				PRODUCT_BUNDLE_IDENTIFIER = com.niwodai.TLThirdLib;
				PRODUCT_NAME = "$(TARGET_NAME)";
				SWIFT_VERSION = 4.0;
				TARGETED_DEVICE_FAMILY = "1,2";
			};
			name = Debug;
		};
		7E4F55BA1F8F6AAC004571F3 /* Release */ = {
			isa = XCBuildConfiguration;
			baseConfigurationReference = 31BF2091D39A51502D963147 /* Pods-TLThirdLib.release.xcconfig */;
			buildSettings = {
				ASSETCATALOG_COMPILER_APPICON_NAME = AppIcon;
				CODE_SIGN_STYLE = Automatic;
				INFOPLIST_FILE = TLThirdLib/Info.plist;
				IPHONEOS_DEPLOYMENT_TARGET = 8.0;
				LD_RUNPATH_SEARCH_PATHS = "$(inherited) @executable_path/Frameworks";
				PRODUCT_BUNDLE_IDENTIFIER = com.niwodai.TLThirdLib;
				PRODUCT_NAME = "$(TARGET_NAME)";
				SWIFT_VERSION = 4.0;
				TARGETED_DEVICE_FAMILY = "1,2";
			};
			name = Release;
		};
		7E4F55BC1F8F6AAC004571F3 /* Debug */ = {
			isa = XCBuildConfiguration;
			buildSettings = {
				ALWAYS_EMBED_SWIFT_STANDARD_LIBRARIES = YES;
				BUNDLE_LOADER = "$(TEST_HOST)";
				CODE_SIGN_STYLE = Automatic;
				INFOPLIST_FILE = TLThirdLibTests/Info.plist;
				LD_RUNPATH_SEARCH_PATHS = "$(inherited) @executable_path/Frameworks @loader_path/Frameworks";
				PRODUCT_BUNDLE_IDENTIFIER = com.niwodai.TLThirdLibTests;
				PRODUCT_NAME = "$(TARGET_NAME)";
				SWIFT_VERSION = 4.0;
				TARGETED_DEVICE_FAMILY = "1,2";
				TEST_HOST = "$(BUILT_PRODUCTS_DIR)/TLThirdLib.app/TLThirdLib";
			};
			name = Debug;
		};
		7E4F55BD1F8F6AAC004571F3 /* Release */ = {
			isa = XCBuildConfiguration;
			buildSettings = {
				ALWAYS_EMBED_SWIFT_STANDARD_LIBRARIES = YES;
				BUNDLE_LOADER = "$(TEST_HOST)";
				CODE_SIGN_STYLE = Automatic;
				INFOPLIST_FILE = TLThirdLibTests/Info.plist;
				LD_RUNPATH_SEARCH_PATHS = "$(inherited) @executable_path/Frameworks @loader_path/Frameworks";
				PRODUCT_BUNDLE_IDENTIFIER = com.niwodai.TLThirdLibTests;
				PRODUCT_NAME = "$(TARGET_NAME)";
				SWIFT_VERSION = 4.0;
				TARGETED_DEVICE_FAMILY = "1,2";
				TEST_HOST = "$(BUILT_PRODUCTS_DIR)/TLThirdLib.app/TLThirdLib";
			};
			name = Release;
		};
		7E4F55BF1F8F6AAC004571F3 /* Debug */ = {
			isa = XCBuildConfiguration;
			buildSettings = {
				ALWAYS_EMBED_SWIFT_STANDARD_LIBRARIES = YES;
				CODE_SIGN_STYLE = Automatic;
				INFOPLIST_FILE = TLThirdLibUITests/Info.plist;
				LD_RUNPATH_SEARCH_PATHS = "$(inherited) @executable_path/Frameworks @loader_path/Frameworks";
				PRODUCT_BUNDLE_IDENTIFIER = com.niwodai.TLThirdLibUITests;
				PRODUCT_NAME = "$(TARGET_NAME)";
				SWIFT_VERSION = 4.0;
				TARGETED_DEVICE_FAMILY = "1,2";
				TEST_TARGET_NAME = TLThirdLib;
			};
			name = Debug;
		};
		7E4F55C01F8F6AAC004571F3 /* Release */ = {
			isa = XCBuildConfiguration;
			buildSettings = {
				ALWAYS_EMBED_SWIFT_STANDARD_LIBRARIES = YES;
				CODE_SIGN_STYLE = Automatic;
				INFOPLIST_FILE = TLThirdLibUITests/Info.plist;
				LD_RUNPATH_SEARCH_PATHS = "$(inherited) @executable_path/Frameworks @loader_path/Frameworks";
				PRODUCT_BUNDLE_IDENTIFIER = com.niwodai.TLThirdLibUITests;
				PRODUCT_NAME = "$(TARGET_NAME)";
				SWIFT_VERSION = 4.0;
				TARGETED_DEVICE_FAMILY = "1,2";
				TEST_TARGET_NAME = TLThirdLib;
			};
			name = Release;
		};
/* End XCBuildConfiguration section */

/* Begin XCConfigurationList section */
		7E4F558B1F8F6AAB004571F3 /* Build configuration list for PBXProject "TLThirdLib" */ = {
			isa = XCConfigurationList;
			buildConfigurations = (
				7E4F55B61F8F6AAC004571F3 /* Debug */,
				7E4F55B71F8F6AAC004571F3 /* Release */,
			);
			defaultConfigurationIsVisible = 0;
			defaultConfigurationName = Release;
		};
		7E4F55B81F8F6AAC004571F3 /* Build configuration list for PBXNativeTarget "TLThirdLib" */ = {
			isa = XCConfigurationList;
			buildConfigurations = (
				7E4F55B91F8F6AAC004571F3 /* Debug */,
				7E4F55BA1F8F6AAC004571F3 /* Release */,
			);
			defaultConfigurationIsVisible = 0;
			defaultConfigurationName = Release;
		};
		7E4F55BB1F8F6AAC004571F3 /* Build configuration list for PBXNativeTarget "TLThirdLibTests" */ = {
			isa = XCConfigurationList;
			buildConfigurations = (
				7E4F55BC1F8F6AAC004571F3 /* Debug */,
				7E4F55BD1F8F6AAC004571F3 /* Release */,
			);
			defaultConfigurationIsVisible = 0;
			defaultConfigurationName = Release;
		};
		7E4F55BE1F8F6AAC004571F3 /* Build configuration list for PBXNativeTarget "TLThirdLibUITests" */ = {
			isa = XCConfigurationList;
			buildConfigurations = (
				7E4F55BF1F8F6AAC004571F3 /* Debug */,
				7E4F55C01F8F6AAC004571F3 /* Release */,
			);
			defaultConfigurationIsVisible = 0;
			defaultConfigurationName = Release;
		};
/* End XCConfigurationList section */
	};
	rootObject = 7E4F55881F8F6AAB004571F3 /* Project object */;
}
